lockfileVersion: '9.0'

settings:
  autoInstallPeers: true
  excludeLinksFromLockfile: false

importers:

  .:
    dependencies:
      '@openfeature/server-sdk':
        specifier: ^1.23.0
        version: 1.23.0(@openfeature/core@1.12.0)
      '@supabase/middleware-openfeature':
        specifier: link:../..
        version: link:../..
    devDependencies:
      typescript:
        specifier: 5.4.2
        version: 5.4.2

packages:

  '@openfeature/core@1.12.0':
    resolution: {integrity: sha512-7PCPzyd1OC19begz30+CRknFB0ChtyaZUhk7YWrk+Bov1fpVw0HYkTXtoxxsvPfDZB9P9WsT7uixN+Z8f9+bcA==}

  '@openfeature/server-sdk@1.23.0':
    resolution: {integrity: sha512-JWeLvltJIV0AFgOfbw7hK9b9Rw/5wWq+RMhCIU9sJtAqarxr8hSPglG+JAGGhYdElAz3Qwe9W3ApWyPNkQEyqg==}
    engines: {node: '>=20'}
    peerDependencies:
      '@openfeature/core': ^1.12.0

  typescript@5.4.2:
    resolution: {integrity: sha512-+2/g0Fds1ERlP6JsakQQDXjZdZMM+rqpamFZJEKh4kwTIn3iDkgKtby0CeNd5ATNZ4Ry1ax15TMx0W2V+miizQ==}
    engines: {node: '>=14.17'}
    hasBin: true

snapshots:

  '@openfeature/core@1.12.0': {}

  '@openfeature/server-sdk@1.23.0(@openfeature/core@1.12.0)':
    dependencies:
      '@openfeature/core': 1.12.0

  typescript@5.4.2: {}
