lockfileVersion: '9.0'

settings:
  autoInstallPeers: true
  excludeLinksFromLockfile: false

importers:

  .:
    dependencies:
      '@openfeature/server-sdk':
        specifier: 1.18.0
        version: 1.18.0(@openfeature/core@1.12.0)
      '@posthog/openfeature-node-provider':
        specifier: ^0.1.0
        version: 0.1.1(@openfeature/core@1.12.0)(@openfeature/server-sdk@1.18.0(@openfeature/core@1.12.0))(posthog-node@5.49.0)
      '@supabase-labs/middleware-openfeature':
        specifier: file:./vendor/middleware-openfeature.tgz
        version: file:vendor/middleware-openfeature.tgz
      '@supabase/middleware':
        specifier: ^0.6.0
        version: 0.6.0
      '@supabase/server':
        specifier: ^1.8.0
        version: 1.8.0(@supabase/supabase-js@2.116.0)
      '@vercel/flags-core':
        specifier: ^1.7.1
        version: 1.8.0(@openfeature/server-sdk@1.18.0(@openfeature/core@1.12.0))
      posthog-node:
        specifier: 5.49.0
        version: 5.49.0

packages:

  '@openfeature/core@1.12.0':
    resolution: {integrity: sha512-7PCPzyd1OC19begz30+CRknFB0ChtyaZUhk7YWrk+Bov1fpVw0HYkTXtoxxsvPfDZB9P9WsT7uixN+Z8f9+bcA==}

  '@openfeature/server-sdk@1.18.0':
    resolution: {integrity: sha512-uP8nqEGBS58s3iWXx6d8vnJ6ZVt3DACJL4PWADOAuwIS4xXpID91783e9f6zQ0i1ijQpj3yx+3ZuCB2LfQMUMA==}
    engines: {node: '>=18'}
    peerDependencies:
      '@openfeature/core': ^1.7.0

  '@posthog/core@1.51.0':
    resolution: {integrity: sha512-LilmmtjcrjV1LgaVNQXrAUt4IXcWIYMrwEtx6VJUUFDeBBdmeI99jshKGtAWugYeB3Wkcp9xQIVCrxIYRpNiRA==}

  '@posthog/openfeature-node-provider@0.1.1':
    resolution: {integrity: sha512-NxUgYO9DD2aIiO1WYO/6fpUDszBEfBnchlju/Nl+VZYted2uPq/vWGCNrEG/U3P/QTypS7+OiC8NHX2G0fCH8Q==}
    engines: {node: ^20.20.0 || >=22.22.0}
    peerDependencies:
      '@openfeature/core': ^1.11.0
      '@openfeature/server-sdk': ^1.17.0
      posthog-node: '>=5.21.2'

  '@posthog/types@1.409.1':
    resolution: {integrity: sha512-lA2sSGQUdVknSQl93uN9eUXDwkCMjAuthq24GONGHzMWwVygsKNHlWCnlJsVv2giDokj2p1NopO4zsE2S7gYjA==}

  '@supabase-labs/middleware-openfeature@file:vendor/middleware-openfeature.tgz':
    resolution: {integrity: sha512-XBhpsvXUr5SbJX8LIE7j7HovNmcO+AfXfq5Om0GfbIwM4clQ6yeUuBnZ2I0BLn2z/Szhy9sWGrL0N6SA47hNNw==, tarball: file:vendor/middleware-openfeature.tgz}
    version: 0.1.0
    engines: {node: '>=22'}
    peerDependencies:
      typescript: '>=5.4'
    peerDependenciesMeta:
      typescript:
        optional: true

  '@supabase/auth-js@2.116.0':
    resolution: {integrity: sha512-Cmosty12gyKGK9N3bQb+lMmuAFev5nmUzaR1AsmZHqKOAGzqX1VQzmp49CNPwOx/pw0H9Qqk4rs9yhwTlKpfDg==}
    engines: {node: '>=22.0.0'}

  '@supabase/functions-js@2.116.0':
    resolution: {integrity: sha512-E+VOc2QDcni/fySqkBFiZhnoB3SGydEdZgFI6/dEAGAHx6yEhB46TN9qb2wXs+E+RSzOBV0R6dasiSlw4xlZAA==}
    engines: {node: '>=22.0.0'}

  '@supabase/middleware@0.5.0':
    resolution: {integrity: sha512-OjukUo+5p14zxTuylf2zVg1hZCHWKLO6VrZhtVeQQw09yrVo3GAduvFJPiFDhTAz/Du1ZfEzAR+s6aRAWD5wzQ==}
    engines: {node: '>=22'}
    peerDependencies:
      typescript: '>=5.4'
    peerDependenciesMeta:
      typescript:
        optional: true

  '@supabase/middleware@0.6.0':
    resolution: {integrity: sha512-0uMdGQLGz7KOxnqYgHaj5ZRjeB8mzqUrkKWjJhdQPns5vJ8bVVyJQ9wOwLaJgxFHO/q0rfPtLisff7DH/nBJeA==}
    engines: {node: '>=22'}
    peerDependencies:
      typescript: '>=5.4'
    peerDependenciesMeta:
      typescript:
        optional: true

  '@supabase/phoenix@0.4.5':
    resolution: {integrity: sha512-aAn9H9ovVyeApKy11OWOrrOGq8DV68yWeH4ud2lN9fzn4aO8Zb5GLL9m1pUg9nLqIcT+ZDfAcsZe0E/nqdv2lw==}

  '@supabase/postgrest-js@2.116.0':
    resolution: {integrity: sha512-kGpVZTDHxFTJS3tu+rU0iTAZ+4U0bcLVjxwCk8f3gRhjw3qdCZjTBlgYvc4kGH2XccmAzbkKwXL/mrNHMGSc+A==}
    engines: {node: '>=22.0.0'}

  '@supabase/realtime-js@2.116.0':
    resolution: {integrity: sha512-MHAnlXxi2s6yiJsZsQMfs2B3RFxeVfQWxerqYhIMqcCQV/FuY3LIeouPEkXw/ah7wUWMLYwempF9MOCUScyddg==}
    engines: {node: '>=22.0.0'}

  '@supabase/server@1.8.0':
    resolution: {integrity: sha512-phZ3PHhynfsBlVLKFpXIjmy2sW9Mxyay044+ZlnYyjxuVSKFy6sBYZGAneCUjQmJcaJUP5auJhuyHp44Ek83Ew==}
    engines: {node: '>=22'}
    peerDependencies:
      '@nestjs/common': ^10.0.0 || ^11.0.0
      '@supabase/supabase-js': ^2.0.0
      elysia: ^1.4.0
      h3: ^2.0.0
      hono: ^4.0.0
      pg: ^8.0.0
    peerDependenciesMeta:
      '@nestjs/common':
        optional: true
      elysia:
        optional: true
      h3:
        optional: true
      hono:
        optional: true
      pg:
        optional: true

  '@supabase/storage-js@2.116.0':
    resolution: {integrity: sha512-6/3hR6vccBP6oGM5B6RfbwZcTCKmQOodd/ZWQdsw8yJsU5zO/a//oBL6yLnmgxcjnHSrelW8rsO7hL5DPybyUQ==}
    engines: {node: '>=22.0.0'}

  '@supabase/supabase-js@2.116.0':
    resolution: {integrity: sha512-YyWmKXt2NspV9iO8FPnlswUFJIRnrLd3oTCb+3ZyYRuKZtBH0xCUDgnUqoyA0fGUxpM/UhfwDjYf/dht/9bp7g==}
    engines: {node: '>=22.0.0'}
    peerDependencies:
      '@opentelemetry/api': '>=1.0.0'
    peerDependenciesMeta:
      '@opentelemetry/api':
        optional: true

  '@vercel/cli-config@0.2.4':
    resolution: {integrity: sha512-kZ5SojbrV06GHoU6QIWGwDXLov+s9rWZ7QqdqKfJfBGCNUieGfgaCjeeenNy8Y+QC0bwC0dZ2B4l5Hvdmrgpdw==}

  '@vercel/cli-exec@1.0.1':
    resolution: {integrity: sha512-g9XerViJ/paZujufXYcu5XYI2vU2rtB4sgdpjUHde5RnOkdmpu0ngH46LCFGHoPXO/C+qDPSczIHIRN+8Q2YKQ==}
    engines: {node: '>= 18'}

  '@vercel/flags-core@1.8.0':
    resolution: {integrity: sha512-cBB1RMoKmWJ0oy8VCVPx3GVzkWRL3oV26SsYlZ25V0TDB5/icJ2121k5ZAPVw5phoqM/YiBh6nvKUqMERZ6u4Q==}
    peerDependencies:
      '@openfeature/server-sdk': 1.18.0
      next: '*'
    peerDependenciesMeta:
      '@openfeature/server-sdk':
        optional: true
      next:
        optional: true

  '@vercel/functions@3.9.5':
    resolution: {integrity: sha512-EUfqlb7AzoEh7URlMNAO4jbJiLWz9grDBHvfjKTDvEP9c8y3DqX3SWPvfaQkUjtkm3b83flhaUUMuewdHa+qmw==}
    engines: {node: '>= 20'}
    peerDependencies:
      '@aws-sdk/credential-provider-web-identity': '*'
      ws: '>=8'
    peerDependenciesMeta:
      '@aws-sdk/credential-provider-web-identity':
        optional: true
      ws:
        optional: true

  '@vercel/oidc@3.5.0':
    resolution: {integrity: sha512-jo7GgeJx2YMkjg9A28pFM5p88n5SnSHvDeNlf9898bRWiG9jPxwedj/gn/2XTw4UOTyQ50uHlrTGSlf/XU5tgw==}
    engines: {node: '>= 20'}

  '@vercel/oidc@3.8.5':
    resolution: {integrity: sha512-RwXYtnt6za+5UO4IaLywN/6B95AlLqynPRUWRJxeJ/qufwkcLUbZNUxYtzT0uMpuraWhlNcGqPNGkTnZr4BGBw==}
    engines: {node: '>= 20'}

  cross-spawn@7.0.6:
    resolution: {integrity: sha512-uV2QOWP2nWzsy2aMp8aRibhi9dlzF5Hgh5SHaB9OiTGEyDTiJJyx0uy51QXdyWbtAHNua4XJzUKca3OzKUd3vA==}
    engines: {node: '>= 8'}

  execa@5.1.1:
    resolution: {integrity: sha512-8uSpZZocAZRBAPIEINJj3Lo9HyGitllczc27Eh5YYojjMFMn8yHMDMaUHE2Jqfq05D/wucwI4JGURyXt1vchyg==}
    engines: {node: '>=10'}

  get-stream@6.0.1:
    resolution: {integrity: sha512-ts6Wi+2j3jQjqi70w5AlN8DFnkSwC+MqmxEzdEALB2qXZYV3X/b1CTfgPLGJNMeAWxdPfU8FO1ms3NUfaHCPYg==}
    engines: {node: '>=10'}

  human-signals@2.1.0:
    resolution: {integrity: sha512-B4FFZ6q/T2jhhksgkbEW3HBvWIfDW85snkQgawt07S7J5QXTk6BkNV+0yAeZrM5QpMAdYlocGoljn0sJ/WQkFw==}
    engines: {node: '>=10.17.0'}

  iceberg-js@0.8.1:
    resolution: {integrity: sha512-1dhVQZXhcHje7798IVM+xoo/1ZdVfzOMIc8/rgVSijRK38EDqOJoGula9N/8ZI5RD8QTxNQtK/Gozpr+qUqRRA==}
    engines: {node: '>=20.0.0'}

  is-stream@2.0.1:
    resolution: {integrity: sha512-hFoiJiTl63nn+kstHGBtewWSKnQLpyb155KHheA1l39uvtO9nWIop1p3udqPcUd/xbF1VLMO4n7OI6p7RbngDg==}
    engines: {node: '>=8'}

  isexe@2.0.0:
    resolution: {integrity: sha512-RHxMLp9lnKHGHRng9QFhRCMbYAcVpn69smSGcq3f36xjgVVWThj4qqLbTLlq7Ssj8B+fIQ1EuCEGI2lKsyQeIw==}

  jose@5.10.0:
    resolution: {integrity: sha512-s+3Al/p9g32Iq+oqXxkW//7jk2Vig6FF1CFqzVXoTUXt2qz89YWbL+OwS17NFYEvxC35n0FKeGO2LGYSxeM2Gg==}

  jose@5.2.1:
    resolution: {integrity: sha512-qiaQhtQRw6YrOaOj0v59h3R6hUY9NvxBmmnMfKemkqYmBB0tEc97NbLP7ix44VP5p9/0YHG8Vyhzuo5YBNwviA==}

  jose@6.2.12:
    resolution: {integrity: sha512-9NiFmJEex0sy2Dk58j2UGBSHgUs2ypF9eZSu4L6vjOX3Dp96Sw1F3uL+H+D1sx02jZZdzUT0HgvCy59CuvXcWw==}

  js-xxhash@4.0.0:
    resolution: {integrity: sha512-3Q2eIqG6s1KEBBmkj9tGM9lef8LJbuRyTVBdI3GpTnrvtytunjLPO0wqABp5qhtMzfA32jYn1FlnIV7GH1RAHQ==}
    engines: {node: '>=18.0.0'}

  merge-stream@2.0.0:
    resolution: {integrity: sha512-abv/qOcuPfk3URPfDzmZU1LKmuw8kT+0nIHvKrKgFrwifol/doWcdA4ZqsWQ8ENrFKkd67Mfpo/LovbIUsbt3w==}

  mimic-fn@2.1.0:
    resolution: {integrity: sha512-OqbOk5oEQeAZ8WXWydlu9HJjz9WVdEIvamMCcXmuqUYjTknH/sqsWvhQ3vgwKFRR1HpjvNBKQ37nbJgYzGqGcg==}
    engines: {node: '>=6'}

  npm-run-path@4.0.1:
    resolution: {integrity: sha512-S48WzZW777zhNIrn7gxOlISNAqi9ZC/uQFnRdbeIHhZhCA6UqpkOT8T1G7BvfdgP4Er8gF4sUbaS0i7QvIfCWw==}
    engines: {node: '>=8'}

  onetime@5.1.2:
    resolution: {integrity: sha512-kbpaSSGJTWdAY5KPVeMOKXSrPtr8C8C7wodJbcsd51jRnmD+GZu8Y0VoU6Dm5Z4vWr0Ig/1NKuWRKf7j5aaYSg==}
    engines: {node: '>=6'}

  os-paths@4.4.0:
    resolution: {integrity: sha512-wrAwOeXp1RRMFfQY8Sy7VaGVmPocaLwSFOYCGKSyo8qmJ+/yaafCl5BCA1IQZWqFSRBrKDYFeR9d/VyQzfH/jg==}
    engines: {node: '>= 6.0'}

  path-key@3.1.1:
    resolution: {integrity: sha512-ojmeN0qd+y0jszEtoY48r0Peq5dwMEkIlCOu6Q5f41lfkswXuKtYrhgoTpLnyIcHm24Uhqx+5Tqm2InSwLhE6Q==}
    engines: {node: '>=8'}

  posthog-node@5.49.0:
    resolution: {integrity: sha512-w3vPYmiWIWw0XlRDeRH0TbeRKnHvlQcU7xDwDN7jNm6JpoFQDUyValGjBpQ+Qvv6gmYUaNM2XBSJeeqcB1FtCQ==}
    engines: {node: ^20.20.0 || >=22.22.0}
    peerDependencies:
      rxjs: ^7.0.0
    peerDependenciesMeta:
      rxjs:
        optional: true

  shebang-command@2.0.0:
    resolution: {integrity: sha512-kHxr2zZpYtdmrN1qDjrrX/Z1rR1kG8Dx+gkpK1G4eXmvXswmcE1hTWBWYUzlraYw1/yZp6YuDY77YtvbN0dmDA==}
    engines: {node: '>=8'}

  shebang-regex@3.0.0:
    resolution: {integrity: sha512-7++dFhtcx3353uBaq8DDR4NuxBetBzC7ZQOhmTQInHEd6bSrXdiEyzCvG07Z44UYdLShWUyXt5M/yhz8ekcb1A==}
    engines: {node: '>=8'}

  signal-exit@3.0.7:
    resolution: {integrity: sha512-wnD2ZE+l+SPC/uoS0vXeE9L1+0wuaMqKlfz9AMUo38JsyLSBWSFcHR1Rri62LZc12vLr1gb3jl7iwQhgwpAbGQ==}

  std-env@4.2.0:
    resolution: {integrity: sha512-oCUKSupKTHX53EyjDtuZQ64pjLJ6yYCtpmEw0goYxtjG9KpbRe8KAsl2tBUGU9DyMcJ0RwJ8GqJAFzMXcXW1Rw==}

  strip-final-newline@2.0.0:
    resolution: {integrity: sha512-BrpvfNAE3dcvq7ll3xVumzjKjZQ5tI1sEUIKr3Uoks0XUl45St3FlatVqef9prk4jRDzhW6WZg+3bk93y6pLjA==}
    engines: {node: '>=6'}

  tslib@2.8.1:
    resolution: {integrity: sha512-oJFu94HQb+KVduSUQL7wnpmqnfmLsOA/nAh6b6EH0wCEoK0/mPeXU6c3wKDV83MkOuHPRHtSXKKU99IBazS/2w==}

  which@2.0.2:
    resolution: {integrity: sha512-BLI3Tl1TW3Pvl70l3yq3Y64i+awpwXqsGBYWkkqMtnbXgrMD+yj7rhW0kuEDxzJaYXGjEW5ogapKNMEKNMjibA==}
    engines: {node: '>= 8'}
    hasBin: true

  xdg-app-paths@5.5.1:
    resolution: {integrity: sha512-hI3flOB4PLZIy5prbtTpirobtPE2ZtZ52szO+2mM9Efp6ErM398La+C1lIpNWDfNoQk+6Lsi6nMcCwVB7pxeMQ==}
    engines: {node: '>= 6.0'}

  xdg-portable@7.3.0:
    resolution: {integrity: sha512-sqMMuL1rc0FmMBOzCpd0yuy9trqF2yTTVe+E9ogwCSWQCdDEtQUwrZPT6AxqtsFGRNxycgncbP/xmOOSPw5ZUw==}
    engines: {node: '>= 6.0'}

  zod@4.1.11:
    resolution: {integrity: sha512-WPsqwxITS2tzx1bzhIKsEs19ABD5vmCVa4xBo2tq/SrV4RNZtfws1EnCWQXM6yh8bD08a1idvkB5MZSBiZsjwg==}

snapshots:

  '@openfeature/core@1.12.0': {}

  '@openfeature/server-sdk@1.18.0(@openfeature/core@1.12.0)':
    dependencies:
      '@openfeature/core': 1.12.0

  '@posthog/core@1.51.0':
    dependencies:
      '@posthog/types': 1.409.1

  '@posthog/openfeature-node-provider@0.1.1(@openfeature/core@1.12.0)(@openfeature/server-sdk@1.18.0(@openfeature/core@1.12.0))(posthog-node@5.49.0)':
    dependencies:
      '@openfeature/core': 1.12.0
      '@openfeature/server-sdk': 1.18.0(@openfeature/core@1.12.0)
      posthog-node: 5.49.0

  '@posthog/types@1.409.1': {}

  '@supabase-labs/middleware-openfeature@file:vendor/middleware-openfeature.tgz':
    dependencies:
      '@openfeature/core': 1.12.0
      '@supabase/middleware': 0.5.0

  '@supabase/auth-js@2.116.0':
    dependencies:
      tslib: 2.8.1

  '@supabase/functions-js@2.116.0':
    dependencies:
      tslib: 2.8.1

  '@supabase/middleware@0.5.0':
    dependencies:
      std-env: 4.2.0

  '@supabase/middleware@0.6.0':
    dependencies:
      std-env: 4.2.0

  '@supabase/phoenix@0.4.5': {}

  '@supabase/postgrest-js@2.116.0':
    dependencies:
      tslib: 2.8.1

  '@supabase/realtime-js@2.116.0':
    dependencies:
      '@supabase/phoenix': 0.4.5
      tslib: 2.8.1

  '@supabase/server@1.8.0(@supabase/supabase-js@2.116.0)':
    dependencies:
      '@supabase/middleware': 0.6.0
      '@supabase/supabase-js': 2.116.0
      jose: 6.2.12
    transitivePeerDependencies:
      - typescript

  '@supabase/storage-js@2.116.0':
    dependencies:
      iceberg-js: 0.8.1
      tslib: 2.8.1

  '@supabase/supabase-js@2.116.0':
    dependencies:
      '@supabase/auth-js': 2.116.0
      '@supabase/functions-js': 2.116.0
      '@supabase/postgrest-js': 2.116.0
      '@supabase/realtime-js': 2.116.0
      '@supabase/storage-js': 2.116.0

  '@vercel/cli-config@0.2.4':
    dependencies:
      xdg-app-paths: 5.5.1
      zod: 4.1.11

  '@vercel/cli-exec@1.0.1':
    dependencies:
      execa: 5.1.1

  '@vercel/flags-core@1.8.0(@openfeature/server-sdk@1.18.0(@openfeature/core@1.12.0))':
    dependencies:
      '@vercel/functions': 3.9.5
      '@vercel/oidc': 3.5.0
      jose: 5.2.1
      js-xxhash: 4.0.0
    optionalDependencies:
      '@openfeature/server-sdk': 1.18.0(@openfeature/core@1.12.0)
    transitivePeerDependencies:
      - '@aws-sdk/credential-provider-web-identity'
      - ws

  '@vercel/functions@3.9.5':
    dependencies:
      '@vercel/oidc': 3.8.5

  '@vercel/oidc@3.5.0': {}

  '@vercel/oidc@3.8.5':
    dependencies:
      '@vercel/cli-config': 0.2.4
      '@vercel/cli-exec': 1.0.1
      jose: 5.10.0

  cross-spawn@7.0.6:
    dependencies:
      path-key: 3.1.1
      shebang-command: 2.0.0
      which: 2.0.2

  execa@5.1.1:
    dependencies:
      cross-spawn: 7.0.6
      get-stream: 6.0.1
      human-signals: 2.1.0
      is-stream: 2.0.1
      merge-stream: 2.0.0
      npm-run-path: 4.0.1
      onetime: 5.1.2
      signal-exit: 3.0.7
      strip-final-newline: 2.0.0

  get-stream@6.0.1: {}

  human-signals@2.1.0: {}

  iceberg-js@0.8.1: {}

  is-stream@2.0.1: {}

  isexe@2.0.0: {}

  jose@5.10.0: {}

  jose@5.2.1: {}

  jose@6.2.12: {}

  js-xxhash@4.0.0: {}

  merge-stream@2.0.0: {}

  mimic-fn@2.1.0: {}

  npm-run-path@4.0.1:
    dependencies:
      path-key: 3.1.1

  onetime@5.1.2:
    dependencies:
      mimic-fn: 2.1.0

  os-paths@4.4.0: {}

  path-key@3.1.1: {}

  posthog-node@5.49.0:
    dependencies:
      '@posthog/core': 1.51.0

  shebang-command@2.0.0:
    dependencies:
      shebang-regex: 3.0.0

  shebang-regex@3.0.0: {}

  signal-exit@3.0.7: {}

  std-env@4.2.0: {}

  strip-final-newline@2.0.0: {}

  tslib@2.8.1: {}

  which@2.0.2:
    dependencies:
      isexe: 2.0.0

  xdg-app-paths@5.5.1:
    dependencies:
      os-paths: 4.4.0
      xdg-portable: 7.3.0

  xdg-portable@7.3.0:
    dependencies:
      os-paths: 4.4.0

  zod@4.1.11: {}
